
Microsoft Visual Studio Solution File, Format Version 12.00
# Visual Studio Version 16
VisualStudioVersion = 16.0.31624.102
MinimumVisualStudioVersion = 10.0.40219.1
Project("{FAE04EC0-301F-11D3-BF4B-00C04F79EFBC}") = "Purse", "Purse.csproj", "{31FB13DC-9F6F-4128-A547-3B8AEB445A3D}"
EndProject
Project("{FAE04EC0-301F-11D3-BF4B-00C04F79EFBC}") = "BusinessCard", "..\BusinessCard\BusinessCard.csproj", "{9A18F665-C483-4835-88FE-AFD7A1F547BB}"
Project("{FAE04EC0-301F-11D3-BF4B-00C04F79EFBC}") = "CreditCard", "..\CreditCard\CreditCard.csproj", "{F48151C1-4D13-47F2-A4DC-5AF196904AFA}
Project("{FAE04EC0-301F-11D3-BF4B-00C04F79EFBC}") = "Money", "..\Money\Money.csproj", "{67D24ED0-C4E3-4A19-B266-839865D4BABA}"
EndProject
Global
	GlobalSection(SolutionConfigurationPlatforms) = preSolution
		Debug|Any CPU = Debug|Any CPU
		Release|Any CPU = Release|Any CPU
	EndGlobalSection
	GlobalSection(ProjectConfigurationPlatforms) = postSolution
		{31FB13DC-9F6F-4128-A547-3B8AEB445A3D}.Debug|Any CPU.ActiveCfg = Debug|Any CPU
		{31FB13DC-9F6F-4128-A547-3B8AEB445A3D}.Debug|Any CPU.Build.0 = Debug|Any CPU
		{31FB13DC-9F6F-4128-A547-3B8AEB445A3D}.Release|Any CPU.ActiveCfg = Release|Any CPU
		{31FB13DC-9F6F-4128-A547-3B8AEB445A3D}.Release|Any CPU.Build.0 = Release|Any CPU
		{9A18F665-C483-4835-88FE-AFD7A1F547BB}.Debug|Any CPU.ActiveCfg = Debug|Any CPU
		{9A18F665-C483-4835-88FE-AFD7A1F547BB}.Debug|Any CPU.Build.0 = Debug|Any CPU
		{9A18F665-C483-4835-88FE-AFD7A1F547BB}.Release|Any CPU.ActiveCfg = Release|Any CPU
		{9A18F665-C483-4835-88FE-AFD7A1F547BB}.Release|Any CPU.Build.0 = Release|Any CPU
		{F48151C1-4D13-47F2-A4DC-5AF196904AFA}.Debug|Any CPU.ActiveCfg = Debug|Any CPU
		{F48151C1-4D13-47F2-A4DC-5AF196904AFA}.Debug|Any CPU.Build.0 = Debug|Any CPU
		{F48151C1-4D13-47F2-A4DC-5AF196904AFA}.Release|Any CPU.ActiveCfg = Release|Any CPU
		{F48151C1-4D13-47F2-A4DC-5AF196904AFA}.Release|Any CPU.Build.0 = Release|Any CPU
		{67D24ED0-C4E3-4A19-B266-839865D4BABA}.Debug|Any CPU.ActiveCfg = Debug|Any CPU
		{67D24ED0-C4E3-4A19-B266-839865D4BABA}.Debug|Any CPU.Build.0 = Debug|Any CPU
		{67D24ED0-C4E3-4A19-B266-839865D4BABA}.Release|Any CPU.ActiveCfg = Release|Any CPU
		{67D24ED0-C4E3-4A19-B266-839865D4BABA}.Release|Any CPU.Build.0 = Release|Any CPU
	EndGlobalSection
	GlobalSection(SolutionProperties) = preSolution
		HideSolutionNode = FALSE
	EndGlobalSection
	GlobalSection(ExtensibilityGlobals) = postSolution
		SolutionGuid = {159B30BD-66A2-4744-A256-A8F6AB5407BE}
	EndGlobalSection
EndGlobal
